{
  "version": 4,
  "terraform_version": "1.14.3",
  "serial": 37,
  "lineage": "af34bfb5-779a-106c-d456-730f2af16357",
  "outputs": {
    "test_server_01_ip": {
      "value": "44.221.69.158",
      "type": "string"
    },
    "test_server_02_ip": {
      "value": "3.227.249.174",
      "type": "string"
    }
  },
  "resources": [
    {
      "mode": "managed",
      "type": "aws_instance",
      "name": "test_server_01",
      "provider": "provider[\"registry.terraform.io/hashicorp/aws\"]",
      "instances": [
        {
          "schema_version": 2,
          "attributes": {
            "ami": "ami-0fc5d935ebf8bc3bc",
            "arn": "arn:aws:ec2:us-east-1:912984149478:instance/i-0ac407e22f5f503ee",
            "associate_public_ip_address": true,
            "availability_zone": "us-east-1f",
            "capacity_reservation_specification": [
              {
                "capacity_reservation_preference": "open",
                "capacity_reservation_target": []
              }
            ],
            "cpu_options": [
              {
                "amd_sev_snp": "",
                "core_count": 1,
                "threads_per_core": 2
              }
            ],
            "credit_specification": [
              {
                "cpu_credits": "unlimited"
              }
            ],
            "disable_api_stop": false,
            "disable_api_termination": false,
            "ebs_block_device": [],
            "ebs_optimized": false,
            "enable_primary_ipv6": null,
            "enclave_options": [
              {
                "enabled": false
              }
            ],
            "ephemeral_block_device": [],
            "force_destroy": false,
            "get_password_data": false,
            "hibernation": false,
            "host_id": "",
            "host_resource_group_arn": null,
            "iam_instance_profile": "",
            "id": "i-0ac407e22f5f503ee",
            "instance_initiated_shutdown_behavior": "stop",
            "instance_lifecycle": "",
            "instance_market_options": [],
            "instance_state": "running",
            "instance_type": "t3.micro",
            "ipv6_address_count": 0,
            "ipv6_addresses": [],
            "key_name": "riteshawskey",
            "launch_template": [],
            "maintenance_options": [
              {
                "auto_recovery": "default"
              }
            ],
            "metadata_options": [
              {
                "http_endpoint": "enabled",
                "http_protocol_ipv6": "disabled",
                "http_put_response_hop_limit": 1,
                "http_tokens": "optional",
                "instance_metadata_tags": "disabled"
              }
            ],
            "monitoring": false,
            "network_interface": [],
            "outpost_arn": "",
            "password_data": "",
            "placement_group": "",
            "placement_group_id": "",
            "placement_partition_number": 0,
            "primary_network_interface": [
              {
                "delete_on_termination": true,
                "network_interface_id": "eni-004613b7d534518e5"
              }
            ],
            "primary_network_interface_id": "eni-004613b7d534518e5",
            "private_dns": "ip-172-31-79-72.ec2.internal",
            "private_dns_name_options": [
              {
                "enable_resource_name_dns_a_record": false,
                "enable_resource_name_dns_aaaa_record": false,
                "hostname_type": "ip-name"
              }
            ],
            "private_ip": "172.31.79.72",
            "public_dns": "ec2-44-221-69-158.compute-1.amazonaws.com",
            "public_ip": "44.221.69.158",
            "region": "us-east-1",
            "root_block_device": [
              {
                "delete_on_termination": true,
                "device_name": "/dev/sda1",
                "encrypted": true,
                "iops": 3000,
                "kms_key_id": "arn:aws:kms:us-east-1:912984149478:key/8409fb10-436a-48fa-92fc-588ec681d6c3",
                "tags": null,
                "tags_all": {},
                "throughput": 125,
                "volume_id": "vol-03eb4cc02d8f6823b",
                "volume_size": 8,
                "volume_type": "gp3"
              }
            ],
            "secondary_private_ips": [],
            "security_groups": [
              "ipsec-lab-sg"
            ],
            "source_dest_check": true,
            "spot_instance_request_id": "",
            "subnet_id": "subnet-c6d535c7",
            "tags": {
              "Department": "Core",
              "Name": "qa-test-server01",
              "Owner": "Ritesh Suman",
              "Temp": "True",
              "keep": "10"
            },
            "tags_all": {
              "Department": "Core",
              "Name": "qa-test-server01",
              "Owner": "Ritesh Suman",
              "Temp": "True",
              "keep": "10"
            },
            "tenancy": "default",
            "timeouts": null,
            "user_data": "#!/bin/bash\nset -e\n\n#####################################\n# INSTALL ALL PACKAGES FIRST\n#####################################\n\n# Update and install all required packages while DNS still works\napt-get update\n# Pre-seed iptables-persistent to avoid interactive prompts\necho iptables-persistent iptables-persistent/autosave_v4 boolean true | debconf-set-selections\necho iptables-persistent iptables-persistent/autosave_v6 boolean true | debconf-set-selections\napt-get install -y dnsmasq xrdp xfce4 xfce4-goodies strongswan python3 openssl iptables-persistent\n\n#####################################\n# DNSMASQ INSTALLATION AND SETUP\n#####################################\n\n# Now disable systemd-resolved after packages are installed\nsystemctl disable --now systemd-resolved\n# Wait for it to fully stop and release port 53\nsleep 2\n# Ensure it's really stopped\nkillall -9 systemd-resolved 2\u003e/dev/null || true\n\n# Remove symlink and create static resolv.conf\nrm -f /etc/resolv.conf\ncat \u003c\u003cEOF \u003e /etc/resolv.conf\nnameserver 8.8.8.8\nnameserver 8.8.4.4\nEOF\n\n# Configure dnsmasq for lab.local\ncat \u003c\u003cEOF | tee /etc/dnsmasq.d/lab.conf \u003e /dev/null\nlisten-address=0.0.0.0\nno-resolv\naddress=/lab.local/192.168.100.100\nEOF\n\n# Restart the service\nsystemctl restart dnsmasq\nsystemctl enable dnsmasq\n\n#####################################\n# RDP (XRDP) INSTALLATION AND SETUP\n#####################################\n\n# Configure xrdp (already installed above)\n\n# Set xfce as the default session for xrdp\necho xfce4-session \u003e /home/ubuntu/.xsession\nchown ubuntu:ubuntu /home/ubuntu/.xsession\n\n# Enable and start the RDP service\nsystemctl enable xrdp\nsystemctl restart xrdp\n\n#####################################\n# STRONGSWAN (IPSEC) INSTALLATION AND SETUP\n#####################################\n\n# Configure strongswan (already installed above)\n\n# Get the actual public IP of this instance\nPUBLIC_IP=$(curl -s http://169.254.169.254/latest/meta-data/public-ipv4)\n\ncat \u003c\u003cEOF | tee /etc/ipsec.conf \u003e /dev/null\nconfig setup\n         charondebug=\"all\"\n         uniqueids = yes\n\n# Define Connections connections here\nconn AUCK101\n       type=tunnel\n       auto=start\n       keyexchange=ikev2\n       authby=secret\n       left=${PUBLIC_IP}\n       leftid=${PUBLIC_IP}\n       leftsubnet=192.168.100.0/24\n       right=203.169.7.28\n       rightsubnet=10.241.0.0/16\n       ike=aes256-sha256-modp2048\n       esp=aes256-sha256-modp2048\n       aggressive=no\n       keyingtries=%forever\n       ikelifetime=8h\n       lifetime=1h\n       dpddelay=10s\n       dpdtimeout=30s\n       dpdaction=restart\nEOF\n\ncat \u003c\u003cEOF | tee /etc/ipsec.secrets \u003e /dev/null\n${PUBLIC_IP} 203.169.7.28 : PSK lrVbwmchR9HXG8uSVl2enqtLtY2RAdqC\nEOF\n\nsystemctl enable strongswan-starter\nsystemctl start strongswan-starter\n# Wait for strongswan to fully start\nsleep 3\n\ncat \u003c\u003cEOF | tee /etc/sysctl.d/99-strongswan.conf \u003e /dev/null\nnet.ipv4.ip_forward=1\nnet.ipv4.conf.all.accept_redirects=0\nnet.ipv4.conf.all.send_redirects=0\nEOF\n\nsysctl --system\n\n# Add iptables rules\niptables -I INPUT 1 -p udp -m multiport --dports 500,4500 -j ACCEPT\niptables -I INPUT 2 -p tcp -m multiport --dports 8080,8443 -j ACCEPT\niptables -I INPUT 3 -p udp -m multiport --dports 53 -j ACCEPT\niptables -I INPUT 4 -p tcp -m multiport --dports 3389 -j ACCEPT\n\niptables -I FORWARD 1 -p tcp -m multiport --dports 8080,8443 -j ACCEPT\niptables -I FORWARD 2 -p udp -m multiport --dports 53 -j ACCEPT\niptables -I FORWARD 3 -p tcp -m multiport --dports 3389 -j ACCEPT\n\n# Save Rules\niptables-save \u003e /etc/iptables/rules.v4\n\n# Begin Add VTI \u0026 Routes\nip link add AUCK101 type vti local ${PUBLIC_IP} remote 203.169.7.28\nip addr add 169.254.2.193/30 remote 169.254.2.194/30 dev AUCK101\nsysctl -w net.ipv4.conf.disable_policy=1\nip link set AUCK101 up\n\n#####################################\n# START HTTP/HTTPS TEST SERVERS\n#####################################\n\n# Install cert tools if needed (already installed above)\n\n# Create dummy HTML file\nmkdir -p /home/ubuntu/webserver\ncd /home/ubuntu/webserver\necho \"\u003ch1\u003eQA NEW SITE HTTP PAGE\u003c/h1\u003e\" \u003e index.html\n\n# Create self-signed cert (valid 1 year)\nopenssl req -new -x509 -keyout key.pem -out cert.pem -days 365 -nodes \\\n  -subj \"/CN=localhost\"\n\n# Start HTTP on 0.0.0.0:8080\nnohup python3 -m http.server 8080 --bind 0.0.0.0 \u003e http.log 2\u003e\u00261 \u0026\n\n# Create Python HTTPS server script\ncat \u003c\u003c'EOFPY' \u003e https_server.py\nimport http.server\nimport ssl\nimport os\n\nos.chdir('/home/ubuntu/webserver')\n\nserver_address = ('0.0.0.0', 8443)\nhttpd = http.server.HTTPServer(server_address, http.server.SimpleHTTPRequestHandler)\n\ncontext = ssl.SSLContext(ssl.PROTOCOL_TLS_SERVER)\ncontext.load_cert_chain('cert.pem', 'key.pem')\n\nhttpd.socket = context.wrap_socket(httpd.socket, server_side=True)\n\nprint(\"HTTPS Server running on port 8443\")\nhttpd.serve_forever()\nEOFPY\n\n# Start HTTPS server\nnohup python3 https_server.py \u003e https.log 2\u003e\u00261 \u0026\n\n# Set ownership\nchown -R ubuntu:ubuntu /home/ubuntu/webserver\n\necho \"All services initialized successfully!\" \u003e /var/log/init-all.log\n",
            "user_data_base64": null,
            "user_data_replace_on_change": false,
            "volume_tags": null,
            "vpc_security_group_ids": [
              "sg-0cf83ca0c7fe1bd90"
            ]
          },
          "sensitive_attributes": [],
          "identity_schema_version": 0,
          "identity": {
            "account_id": "912984149478",
            "id": "i-0ac407e22f5f503ee",
            "region": "us-east-1"
          },
          "private": "eyJlMmJmYjczMC1lY2FhLTExZTYtOGY4OC0zNDM2M2JjN2M0YzAiOnsiY3JlYXRlIjo2MDAwMDAwMDAwMDAsImRlbGV0ZSI6MTIwMDAwMDAwMDAwMCwicmVhZCI6OTAwMDAwMDAwMDAwLCJ1cGRhdGUiOjYwMDAwMDAwMDAwMH0sInNjaGVtYV92ZXJzaW9uIjoiMiJ9",
          "dependencies": [
            "aws_security_group.ipsec_sg"
          ]
        }
      ]
    },
    {
      "mode": "managed",
      "type": "aws_instance",
      "name": "test_server_02",
      "provider": "provider[\"registry.terraform.io/hashicorp/aws\"]",
      "instances": [
        {
          "schema_version": 2,
          "attributes": {
            "ami": "ami-0fc5d935ebf8bc3bc",
            "arn": "arn:aws:ec2:us-east-1:912984149478:instance/i-0253217e729164616",
            "associate_public_ip_address": true,
            "availability_zone": "us-east-1f",
            "capacity_reservation_specification": [
              {
                "capacity_reservation_preference": "open",
                "capacity_reservation_target": []
              }
            ],
            "cpu_options": [
              {
                "amd_sev_snp": "",
                "core_count": 1,
                "threads_per_core": 2
              }
            ],
            "credit_specification": [
              {
                "cpu_credits": "unlimited"
              }
            ],
            "disable_api_stop": false,
            "disable_api_termination": false,
            "ebs_block_device": [],
            "ebs_optimized": false,
            "enable_primary_ipv6": null,
            "enclave_options": [
              {
                "enabled": false
              }
            ],
            "ephemeral_block_device": [],
            "force_destroy": false,
            "get_password_data": false,
            "hibernation": false,
            "host_id": "",
            "host_resource_group_arn": null,
            "iam_instance_profile": "",
            "id": "i-0253217e729164616",
            "instance_initiated_shutdown_behavior": "stop",
            "instance_lifecycle": "",
            "instance_market_options": [],
            "instance_state": "running",
            "instance_type": "t3.micro",
            "ipv6_address_count": 0,
            "ipv6_addresses": [],
            "key_name": "riteshawskey",
            "launch_template": [],
            "maintenance_options": [
              {
                "auto_recovery": "default"
              }
            ],
            "metadata_options": [
              {
                "http_endpoint": "enabled",
                "http_protocol_ipv6": "disabled",
                "http_put_response_hop_limit": 1,
                "http_tokens": "optional",
                "instance_metadata_tags": "disabled"
              }
            ],
            "monitoring": false,
            "network_interface": [],
            "outpost_arn": "",
            "password_data": "",
            "placement_group": "",
            "placement_group_id": "",
            "placement_partition_number": 0,
            "primary_network_interface": [
              {
                "delete_on_termination": true,
                "network_interface_id": "eni-0e5fd053d957a9c16"
              }
            ],
            "primary_network_interface_id": "eni-0e5fd053d957a9c16",
            "private_dns": "ip-172-31-64-140.ec2.internal",
            "private_dns_name_options": [
              {
                "enable_resource_name_dns_a_record": false,
                "enable_resource_name_dns_aaaa_record": false,
                "hostname_type": "ip-name"
              }
            ],
            "private_ip": "172.31.64.140",
            "public_dns": "ec2-3-227-249-174.compute-1.amazonaws.com",
            "public_ip": "3.227.249.174",
            "region": "us-east-1",
            "root_block_device": [
              {
                "delete_on_termination": true,
                "device_name": "/dev/sda1",
                "encrypted": true,
                "iops": 3000,
                "kms_key_id": "arn:aws:kms:us-east-1:912984149478:key/8409fb10-436a-48fa-92fc-588ec681d6c3",
                "tags": null,
                "tags_all": {},
                "throughput": 125,
                "volume_id": "vol-073fd6c1be4f98faf",
                "volume_size": 8,
                "volume_type": "gp3"
              }
            ],
            "secondary_private_ips": [],
            "security_groups": [
              "ipsec-lab-sg"
            ],
            "source_dest_check": true,
            "spot_instance_request_id": "",
            "subnet_id": "subnet-c6d535c7",
            "tags": {
              "Department": "Core",
              "Name": "qa-test-server02",
              "Owner": "Ritesh Suman",
              "Temp": "True",
              "keep": "10"
            },
            "tags_all": {
              "Department": "Core",
              "Name": "qa-test-server02",
              "Owner": "Ritesh Suman",
              "Temp": "True",
              "keep": "10"
            },
            "tenancy": "default",
            "timeouts": null,
            "user_data": "#!/bin/bash\nset -e\n\n#####################################\n# INSTALL ALL PACKAGES FIRST\n#####################################\n\n# Update and install all required packages while DNS still works\napt-get update\n# Pre-seed iptables-persistent to avoid interactive prompts\necho iptables-persistent iptables-persistent/autosave_v4 boolean true | debconf-set-selections\necho iptables-persistent iptables-persistent/autosave_v6 boolean true | debconf-set-selections\napt-get install -y dnsmasq xrdp xfce4 xfce4-goodies strongswan python3 openssl iptables-persistent\n\n#####################################\n# DNSMASQ INSTALLATION AND SETUP\n#####################################\n\n# Now disable systemd-resolved after packages are installed\nsystemctl disable --now systemd-resolved\n# Wait for it to fully stop and release port 53\nsleep 2\n# Ensure it's really stopped\nkillall -9 systemd-resolved 2\u003e/dev/null || true\n\n# Remove symlink and create static resolv.conf\nrm -f /etc/resolv.conf\ncat \u003c\u003cEOF \u003e /etc/resolv.conf\nnameserver 8.8.8.8\nnameserver 8.8.4.4\nEOF\n\n# Configure dnsmasq for lab.local\ncat \u003c\u003cEOF | tee /etc/dnsmasq.d/lab.conf \u003e /dev/null\nlisten-address=0.0.0.0\nno-resolv\naddress=/lab.local/192.168.100.100\nEOF\n\n# Restart the service\nsystemctl restart dnsmasq\nsystemctl enable dnsmasq\n\n#####################################\n# RDP (XRDP) INSTALLATION AND SETUP\n#####################################\n\n# Configure xrdp (already installed above)\n\n# Set xfce as the default session for xrdp\necho xfce4-session \u003e /home/ubuntu/.xsession\nchown ubuntu:ubuntu /home/ubuntu/.xsession\n\n# Enable and start the RDP service\nsystemctl enable xrdp\nsystemctl restart xrdp\n\n#####################################\n# STRONGSWAN (IPSEC) INSTALLATION AND SETUP\n#####################################\n\n# Configure strongswan (already installed above)\n\n# Get the actual public IP of this instance\nPUBLIC_IP=$(curl -s http://169.254.169.254/latest/meta-data/public-ipv4)\n\ncat \u003c\u003cEOF | tee /etc/ipsec.conf \u003e /dev/null\nconfig setup\n         charondebug=\"all\"\n         uniqueids = yes\n\n# Define Connections connections here\nconn AUCK101\n       type=tunnel\n       auto=start\n       keyexchange=ikev2\n       authby=secret\n       left=${PUBLIC_IP}\n       leftid=${PUBLIC_IP}\n       leftsubnet=192.168.100.0/24\n       right=203.169.7.28\n       rightsubnet=10.241.0.0/16\n       ike=aes256-sha256-modp2048\n       esp=aes256-sha256-modp2048\n       aggressive=no\n       keyingtries=%forever\n       ikelifetime=8h\n       lifetime=1h\n       dpddelay=10s\n       dpdtimeout=30s\n       dpdaction=restart\nEOF\n\ncat \u003c\u003cEOF | tee /etc/ipsec.secrets \u003e /dev/null\n${PUBLIC_IP} 203.169.7.28 : PSK lrVbwmchR9HXG8uSVl2enqtLtY2RAdqC\nEOF\n\nsystemctl enable strongswan-starter\nsystemctl start strongswan-starter\n# Wait for strongswan to fully start\nsleep 3\n\ncat \u003c\u003cEOF | tee /etc/sysctl.d/99-strongswan.conf \u003e /dev/null\nnet.ipv4.ip_forward=1\nnet.ipv4.conf.all.accept_redirects=0\nnet.ipv4.conf.all.send_redirects=0\nEOF\n\nsysctl --system\n\n# Add iptables rules\niptables -I INPUT 1 -p udp -m multiport --dports 500,4500 -j ACCEPT\niptables -I INPUT 2 -p tcp -m multiport --dports 8080,8443 -j ACCEPT\niptables -I INPUT 3 -p udp -m multiport --dports 53 -j ACCEPT\niptables -I INPUT 4 -p tcp -m multiport --dports 3389 -j ACCEPT\n\niptables -I FORWARD 1 -p tcp -m multiport --dports 8080,8443 -j ACCEPT\niptables -I FORWARD 2 -p udp -m multiport --dports 53 -j ACCEPT\niptables -I FORWARD 3 -p tcp -m multiport --dports 3389 -j ACCEPT\n\n# Save Rules\niptables-save \u003e /etc/iptables/rules.v4\n\n# Begin Add VTI \u0026 Routes\nip link add AUCK101 type vti local ${PUBLIC_IP} remote 203.169.7.28\nip addr add 169.254.2.193/30 remote 169.254.2.194/30 dev AUCK101\nsysctl -w net.ipv4.conf.disable_policy=1\nip link set AUCK101 up\n\n#####################################\n# START HTTP/HTTPS TEST SERVERS\n#####################################\n\n# Install cert tools if needed (already installed above)\n\n# Create dummy HTML file\nmkdir -p /home/ubuntu/webserver\ncd /home/ubuntu/webserver\necho \"\u003ch1\u003eQA NEW SITE HTTP PAGE\u003c/h1\u003e\" \u003e index.html\n\n# Create self-signed cert (valid 1 year)\nopenssl req -new -x509 -keyout key.pem -out cert.pem -days 365 -nodes \\\n  -subj \"/CN=localhost\"\n\n# Start HTTP on 0.0.0.0:8080\nnohup python3 -m http.server 8080 --bind 0.0.0.0 \u003e http.log 2\u003e\u00261 \u0026\n\n# Create Python HTTPS server script\ncat \u003c\u003c'EOFPY' \u003e https_server.py\nimport http.server\nimport ssl\nimport os\n\nos.chdir('/home/ubuntu/webserver')\n\nserver_address = ('0.0.0.0', 8443)\nhttpd = http.server.HTTPServer(server_address, http.server.SimpleHTTPRequestHandler)\n\ncontext = ssl.SSLContext(ssl.PROTOCOL_TLS_SERVER)\ncontext.load_cert_chain('cert.pem', 'key.pem')\n\nhttpd.socket = context.wrap_socket(httpd.socket, server_side=True)\n\nprint(\"HTTPS Server running on port 8443\")\nhttpd.serve_forever()\nEOFPY\n\n# Start HTTPS server\nnohup python3 https_server.py \u003e https.log 2\u003e\u00261 \u0026\n\n# Set ownership\nchown -R ubuntu:ubuntu /home/ubuntu/webserver\n\necho \"All services initialized successfully!\" \u003e /var/log/init-all.log\n",
            "user_data_base64": null,
            "user_data_replace_on_change": false,
            "volume_tags": null,
            "vpc_security_group_ids": [
              "sg-0cf83ca0c7fe1bd90"
            ]
          },
          "sensitive_attributes": [],
          "identity_schema_version": 0,
          "identity": {
            "account_id": "912984149478",
            "id": "i-0253217e729164616",
            "region": "us-east-1"
          },
          "private": "eyJlMmJmYjczMC1lY2FhLTExZTYtOGY4OC0zNDM2M2JjN2M0YzAiOnsiY3JlYXRlIjo2MDAwMDAwMDAwMDAsImRlbGV0ZSI6MTIwMDAwMDAwMDAwMCwicmVhZCI6OTAwMDAwMDAwMDAwLCJ1cGRhdGUiOjYwMDAwMDAwMDAwMH0sInNjaGVtYV92ZXJzaW9uIjoiMiJ9",
          "dependencies": [
            "aws_security_group.ipsec_sg"
          ]
        }
      ]
    },
    {
      "mode": "managed",
      "type": "aws_security_group",
      "name": "ipsec_sg",
      "provider": "provider[\"registry.terraform.io/hashicorp/aws\"]",
      "instances": [
        {
          "schema_version": 1,
          "attributes": {
            "arn": "arn:aws:ec2:us-east-1:912984149478:security-group/sg-0cf83ca0c7fe1bd90",
            "description": "Managed by Terraform",
            "egress": [
              {
                "cidr_blocks": [
                  "0.0.0.0/0"
                ],
                "description": "",
                "from_port": 0,
                "ipv6_cidr_blocks": [],
                "prefix_list_ids": [],
                "protocol": "-1",
                "security_groups": [],
                "self": false,
                "to_port": 0
              }
            ],
            "id": "sg-0cf83ca0c7fe1bd90",
            "ingress": [
              {
                "cidr_blocks": [
                  "139.84.143.120/32",
                  "209.35.253.0/24",
                  "203.169.7.0/24"
                ],
                "description": "",
                "from_port": 22,
                "ipv6_cidr_blocks": [],
                "prefix_list_ids": [],
                "protocol": "tcp",
                "security_groups": [],
                "self": false,
                "to_port": 22
              },
              {
                "cidr_blocks": [
                  "139.84.143.120/32",
                  "209.35.253.0/24",
                  "203.169.7.0/24"
                ],
                "description": "",
                "from_port": 3389,
                "ipv6_cidr_blocks": [],
                "prefix_list_ids": [],
                "protocol": "tcp",
                "security_groups": [],
                "self": false,
                "to_port": 3389
              },
              {
                "cidr_blocks": [
                  "139.84.143.120/32",
                  "209.35.253.0/24",
                  "203.169.7.0/24"
                ],
                "description": "",
                "from_port": 4500,
                "ipv6_cidr_blocks": [],
                "prefix_list_ids": [],
                "protocol": "udp",
                "security_groups": [],
                "self": false,
                "to_port": 4500
              },
              {
                "cidr_blocks": [
                  "139.84.143.120/32",
                  "209.35.253.0/24",
                  "203.169.7.0/24"
                ],
                "description": "",
                "from_port": 500,
                "ipv6_cidr_blocks": [],
                "prefix_list_ids": [],
                "protocol": "udp",
                "security_groups": [],
                "self": false,
                "to_port": 500
              },
              {
                "cidr_blocks": [
                  "139.84.143.120/32",
                  "209.35.253.0/24",
                  "203.169.7.0/24"
                ],
                "description": "",
                "from_port": 51821,
                "ipv6_cidr_blocks": [],
                "prefix_list_ids": [],
                "protocol": "udp",
                "security_groups": [],
                "self": false,
                "to_port": 51821
              },
              {
                "cidr_blocks": [
                  "139.84.143.120/32",
                  "209.35.253.0/24",
                  "203.169.7.0/24"
                ],
                "description": "",
                "from_port": 8043,
                "ipv6_cidr_blocks": [],
                "prefix_list_ids": [],
                "protocol": "tcp",
                "security_groups": [],
                "self": false,
                "to_port": 8043
              },
              {
                "cidr_blocks": [
                  "139.84.143.120/32",
                  "209.35.253.0/24",
                  "203.169.7.0/24"
                ],
                "description": "",
                "from_port": 8080,
                "ipv6_cidr_blocks": [],
                "prefix_list_ids": [],
                "protocol": "tcp",
                "security_groups": [],
                "self": false,
                "to_port": 8080
              }
            ],
            "name": "ipsec-lab-sg",
            "name_prefix": "",
            "owner_id": "912984149478",
            "region": "us-east-1",
            "revoke_rules_on_delete": false,
            "tags": null,
            "tags_all": {},
            "timeouts": null,
            "vpc_id": "vpc-e8d5ae95"
          },
          "sensitive_attributes": [],
          "identity_schema_version": 0,
          "identity": {
            "account_id": "912984149478",
            "id": "sg-0cf83ca0c7fe1bd90",
            "region": "us-east-1"
          },
          "private": "eyJlMmJmYjczMC1lY2FhLTExZTYtOGY4OC0zNDM2M2JjN2M0YzAiOnsiY3JlYXRlIjo2MDAwMDAwMDAwMDAsImRlbGV0ZSI6OTAwMDAwMDAwMDAwfSwic2NoZW1hX3ZlcnNpb24iOiIxIn0="
        }
      ]
    }
  ],
  "check_results": null
}
